
Microsoft Visual Studio Solution File, Format Version 12.00
# Visual Studio Version 16
VisualStudioVersion = 16.0.31729.503
MinimumVisualStudioVersion = 10.0.40219.1
Project("{FAE04EC0-301F-11D3-BF4B-00C04F79EFBC}") = "Arcanoid", "Arcanoid\Arcanoid.csproj", "{130DE339-4F17-4DD3-B31B-FAAE82DCF234}"
EndProject
Project("{FAE04EC0-301F-11D3-BF4B-00C04F79EFBC}") = "ArcanoidForm", "ArcanoidForm\ArcanoidForm.csproj", "{646B8D72-50E2-4841-976F-651F69F242F6}"
EndProject
Global
	GlobalSection(SolutionConfigurationPlatforms) = preSolution
		Debug|Any CPU = Debug|Any CPU
		Release|Any CPU = Release|Any CPU
	EndGlobalSection
	GlobalSection(ProjectConfigurationPlatforms) = postSolution
		{130DE339-4F17-4DD3-B31B-FAAE82DCF234}.Debug|Any CPU.ActiveCfg = Debug|Any CPU
		{130DE339-4F17-4DD3-B31B-FAAE82DCF234}.Debug|Any CPU.Build.0 = Debug|Any CPU
		{130DE339-4F17-4DD3-B31B-FAAE82DCF234}.Release|Any CPU.ActiveCfg = Release|Any CPU
		{130DE339-4F17-4DD3-B31B-FAAE82DCF234}.Release|Any CPU.Build.0 = Release|Any CPU
		{646B8D72-50E2-4841-976F-651F69F242F6}.Debug|Any CPU.ActiveCfg = Debug|Any CPU
		{646B8D72-50E2-4841-976F-651F69F242F6}.Debug|Any CPU.Build.0 = Debug|Any CPU
		{646B8D72-50E2-4841-976F-651F69F242F6}.Release|Any CPU.ActiveCfg = Release|Any CPU
		{646B8D72-50E2-4841-976F-651F69F242F6}.Release|Any CPU.Build.0 = Release|Any CPU
	EndGlobalSection
	GlobalSection(SolutionProperties) = preSolution
		HideSolutionNode = FALSE
	EndGlobalSection
	GlobalSection(ExtensibilityGlobals) = postSolution
		SolutionGuid = {8D417899-D328-4235-AB4F-B5A019927DDC}
	EndGlobalSection
EndGlobal
